// !$*UTF8*$!
{
	archiveVersion = 1;
	classes = {
	};
	objectVersion = 50;
	objects = {

/* Begin PBXBuildFile section */
		995FCC7374E23D075DAD2C71 /* Pods_FilterBranch.framework in Frameworks */ = {isa = PBXBuildFile; fileRef = ACDD86A2DA2E3477823CE170 /* Pods_FilterBranch.framework */; };
		EAAFF93B2580FB8A00B1CB52 /* AppDelegate.swift in Sources */ = {isa = PBXBuildFile; fileRef = EAAFF93A2580FB8A00B1CB52 /* AppDelegate.swift */; };
		EAAFF93D2580FB8A00B1CB52 /* SceneDelegate.swift in Sources */ = {isa = PBXBuildFile; fileRef = EAAFF93C2580FB8A00B1CB52 /* SceneDelegate.swift */; };
		EAAFF93F2580FB8A00B1CB52 /* ViewController.swift in Sources */ = {isa = PBXBuildFile; fileRef = EAAFF93E2580FB8A00B1CB52 /* ViewController.swift */; };
		EAAFF9422580FB8A00B1CB52 /* Main.storyboard in Resources */ = {isa = PBXBuildFile; fileRef = EAAFF9402580FB8A00B1CB52 /* Main.storyboard */; };
		EAAFF9442580FB8D00B1CB52 /* Assets.xcassets in Resources */ = {isa = PBXBuildFile; fileRef = EAAFF9432580FB8D00B1CB52 /* Assets.xcassets */; };
		EAAFF9472580FB8D00B1CB52 /* LaunchScreen.storyboard in Resources */ = {isa = PBXBuildFile; fileRef = EAAFF9452580FB8D00B1CB52 /* LaunchScreen.storyboard */; };
/* End PBXBuildFile section */

/* Begin PBXFileReference section */
		43F9487FB011D02BEBAB9505 /* Pods-FilterBranch.release.xcconfig */ = {isa = PBXFileReference; includeInIndex = 1; lastKnownFileType = text.xcconfig; name = "Pods-FilterBranch.release.xcconfig"; path = "Target Support Files/Pods-FilterBranch/Pods-FilterBranch.release.xcconfig"; sourceTree = "<group>"; };
		7AD315B892F48216FB6ADA98 /* Pods-FilterBranch.debug.xcconfig */ = {isa = PBXFileReference; includeInIndex = 1; lastKnownFileType = text.xcconfig; name = "Pods-FilterBranch.debug.xcconfig"; path = "Target Support Files/Pods-FilterBranch/Pods-FilterBranch.debug.xcconfig"; sourceTree = "<group>"; };
		ACDD86A2DA2E3477823CE170 /* Pods_FilterBranch.framework */ = {isa = PBXFileReference; explicitFileType = wrapper.framework; includeInIndex = 0; path = Pods_FilterBranch.framework; sourceTree = BUILT_PRODUCTS_DIR; };
		EAAFF9372580FB8A00B1CB52 /* FilterBranch.app */ = {isa = PBXFileReference; explicitFileType = wrapper.application; includeInIndex = 0; path = FilterBranch.app; sourceTree = BUILT_PRODUCTS_DIR; };
		EAAFF93A2580FB8A00B1CB52 /* AppDelegate.swift */ = {isa = PBXFileReference; lastKnownFileType = sourcecode.swift; path = AppDelegate.swift; sourceTree = "<group>"; };
		EAAFF93C2580FB8A00B1CB52 /* SceneDelegate.swift */ = {isa = PBXFileReference; lastKnownFileType = sourcecode.swift; path = SceneDelegate.swift; sourceTree = "<group>"; };
		EAAFF93E2580FB8A00B1CB52 /* ViewController.swift */ = {isa = PBXFileReference; lastKnownFileType = sourcecode.swift; path = ViewController.swift; sourceTree = "<group>"; };
		EAAFF9412580FB8A00B1CB52 /* Base */ = {isa = PBXFileReference; lastKnownFileType = file.storyboard; name = Base; path = Base.lproj/Main.storyboard; sourceTree = "<group>"; };
		EAAFF9432580FB8D00B1CB52 /* Assets.xcassets */ = {isa = PBXFileReference; lastKnownFileType = folder.assetcatalog; path = Assets.xcassets; sourceTree = "<group>"; };
		EAAFF9462580FB8D00B1CB52 /* Base */ = {isa = PBXFileReference; lastKnownFileType = file.storyboard; name = Base; path = Base.lproj/LaunchScreen.storyboard; sourceTree = "<group>"; };
		EAAFF9482580FB8D00B1CB52 /* Info.plist */ = {isa = PBXFileReference; lastKnownFileType = text.plist.xml; path = Info.plist; sourceTree = "<group>"; };
/* End PBXFileReference section */

/* Begin PBXFrameworksBuildPhase section */
		EAAFF9342580FB8A00B1CB52 /* Frameworks */ = {
			isa = PBXFrameworksBuildPhase;
			buildActionMask = 2147483647;
			files = (
				995FCC7374E23D075DAD2C71 /* Pods_FilterBranch.framework in Frameworks */,
			);
			runOnlyForDeploymentPostprocessing = 0;
		};
/* End PBXFrameworksBuildPhase section */

/* Begin PBXGroup section */
		32D1E2790FB3F93B3A35EA46 /* Pods */ = {
			isa = PBXGroup;
			children = (
				7AD315B892F48216FB6ADA98 /* Pods-FilterBranch.debug.xcconfig */,
				43F9487FB011D02BEBAB9505 /* Pods-FilterBranch.release.xcconfig */,
			);
			name = Pods;
			path = Pods;
			sourceTree = "<group>";
		};
		8A46867E73E0A1A756F4D25F /* Frameworks */ = {
			isa = PBXGroup;
			children = (
				ACDD86A2DA2E3477823CE170 /* Pods_FilterBranch.framework */,
			);
			name = Frameworks;
			sourceTree = "<group>";
		};
		EAAFF92E2580FB8A00B1CB52 = {
			isa = PBXGroup;
			children = (
				EAAFF9392580FB8A00B1CB52 /* FilterBranch */,
				EAAFF9382580FB8A00B1CB52 /* Products */,
				32D1E2790FB3F93B3A35EA46 /* Pods */,
				8A46867E73E0A1A756F4D25F /* Frameworks */,
			);
			sourceTree = "<group>";
		};
		EAAFF9382580FB8A00B1CB52 /* Products */ = {
			isa = PBXGroup;
			children = (
				EAAFF9372580FB8A00B1CB52 /* FilterBranch.app */,
			);
			name = Products;
			sourceTree = "<group>";
		};
		EAAFF9392580FB8A00B1CB52 /* FilterBranch */ = {
			isa = PBXGroup;
			children = (
				EAAFF93A2580FB8A00B1CB52 /* AppDelegate.swift */,
				EAAFF93C2580FB8A00B1CB52 /* SceneDelegate.swift */,
				EAAFF93E2580FB8A00B1CB52 /* ViewController.swift */,
				EAAFF9402580FB8A00B1CB52 /* Main.storyboard */,
				EAAFF9432580FB8D00B1CB52 /* Assets.xcassets */,
				EAAFF9452580FB8D00B1CB52 /* LaunchScreen.storyboard */,
				EAAFF9482580FB8D00B1CB52 /* Info.plist */,
			);
			path = FilterBranch;
			sourceTree = "<group>";
		};
/* End PBXGroup section */

/* Begin PBXNativeTarget section */
		EAAFF9362580FB8A00B1CB52 /* FilterBranch */ = {
			isa = PBXNativeTarget;
			buildConfigurationList = EAAFF94B2580FB8D00B1CB52 /* Build configuration list for PBXNativeTarget "FilterBranch" */;
			buildPhases = (
				FF8D822EA2CE536F8857F994 /* [CP] Check Pods Manifest.lock */,
				EAAFF9332580FB8A00B1CB52 /* Sources */,
				EAAFF9342580FB8A00B1CB52 /* Frameworks */,
				EAAFF9352580FB8A00B1CB52 /* Resources */,
				D11525E611EDA77104029AD8 /* [CP] Embed Pods Frameworks */,
			);
			buildRules = (
			);
			dependencies = (
			);
			name = FilterBranch;
			productName = FilterBranch;
			productReference = EAAFF9372580FB8A00B1CB52 /* FilterBranch.app */;
			productType = "com.apple.product-type.application";
		};
/* End PBXNativeTarget section */

/* Begin PBXProject section */
		EAAFF92F2580FB8A00B1CB52 /* Project object */ = {
			isa = PBXProject;
			attributes = {
				LastSwiftUpdateCheck = 1220;
				LastUpgradeCheck = 1220;
				TargetAttributes = {
					EAAFF9362580FB8A00B1CB52 = {
						CreatedOnToolsVersion = 12.2;
					};
				};
			};
			buildConfigurationList = EAAFF9322580FB8A00B1CB52 /* Build configuration list for PBXProject "FilterBranch" */;
			compatibilityVersion = "Xcode 9.3";
			developmentRegion = en;
			hasScannedForEncodings = 0;
			knownRegions = (
				en,
				Base,
			);
			mainGroup = EAAFF92E2580FB8A00B1CB52;
			productRefGroup = EAAFF9382580FB8A00B1CB52 /* Products */;
			projectDirPath = "";
			projectRoot = "";
			targets = (
				EAAFF9362580FB8A00B1CB52 /* FilterBranch */,
			);
		};
/* End PBXProject section */

/* Begin PBXResourcesBuildPhase section */
		EAAFF9352580FB8A00B1CB52 /* Resources */ = {
			isa = PBXResourcesBuildPhase;
			buildActionMask = 2147483647;
			files = (
				EAAFF9472580FB8D00B1CB52 /* LaunchScreen.storyboard in Resources */,
				EAAFF9442580FB8D00B1CB52 /* Assets.xcassets in Resources */,
				EAAFF9422580FB8A00B1CB52 /* Main.storyboard in Resources */,
			);
			runOnlyForDeploymentPostprocessing = 0;
		};
/* End PBXResourcesBuildPhase section */

/* Begin PBXShellScriptBuildPhase section */
		D11525E611EDA77104029AD8 /* [CP] Embed Pods Frameworks */ = {
			isa = PBXShellScriptBuildPhase;
			buildActionMask = 2147483647;
			files = (
			);
			inputFileListPaths = (
				"${PODS_ROOT}/Target Support Files/Pods-FilterBranch/Pods-FilterBranch-frameworks-${CONFIGURATION}-input-files.xcfilelist",
			);
			name = "[CP] Embed Pods Frameworks";
			outputFileListPaths = (
				"${PODS_ROOT}/Target Support Files/Pods-FilterBranch/Pods-FilterBranch-frameworks-${CONFIGURATION}-output-files.xcfilelist",
			);
			runOnlyForDeploymentPostprocessing = 0;
			shellPath = /bin/sh;
			shellScript = "\"${PODS_ROOT}/Target Support Files/Pods-FilterBranch/Pods-FilterBranch-frameworks.sh\"\n";
			showEnvVarsInLog = 0;
		};
		FF8D822EA2CE536F8857F994 /* [CP] Check Pods Manifest.lock */ = {
			isa = PBXShellScriptBuildPhase;
			buildActionMask = 2147483647;
			files = (
			);
			inputFileListPaths = (
			);
			inputPaths = (
				"${PODS_PODFILE_DIR_PATH}/Podfile.lock",
				"${PODS_ROOT}/Manifest.lock",
			);
			name = "[CP] Check Pods Manifest.lock";
			outputFileListPaths = (
			);
			outputPaths = (
				"$(DERIVED_FILE_DIR)/Pods-FilterBranch-checkManifestLockResult.txt",
			);
			runOnlyForDeploymentPostprocessing = 0;
			shellPath = /bin/sh;
			shellScript = "diff \"${PODS_PODFILE_DIR_PATH}/Podfile.lock\" \"${PODS_ROOT}/Manifest.lock\" > /dev/null\nif [ $? != 0 ] ; then\n    # print error to STDERR\n    echo \"error: The sandbox is not in sync with the Podfile.lock. Run 'pod install' or update your CocoaPods installation.\" >&2\n    exit 1\nfi\n# This output is used by Xcode 'outputs' to avoid re-running this script phase.\necho \"SUCCESS\" > \"${SCRIPT_OUTPUT_FILE_0}\"\n";
			showEnvVarsInLog = 0;
		};
/* End PBXShellScriptBuildPhase section */

/* Begin PBXSourcesBuildPhase section */
		EAAFF9332580FB8A00B1CB52 /* Sources */ = {
			isa = PBXSourcesBuildPhase;
			buildActionMask = 2147483647;
			files = (
				EAAFF93F2580FB8A00B1CB52 /* ViewController.swift in Sources */,
				EAAFF93B2580FB8A00B1CB52 /* AppDelegate.swift in Sources */,
				EAAFF93D2580FB8A00B1CB52 /* SceneDelegate.swift in Sources */,
			);
			runOnlyForDeploymentPostprocessing = 0;
		};
/* End PBXSourcesBuildPhase section */

/* Begin PBXVariantGroup section */
		EAAFF9402580FB8A00B1CB52 /* Main.storyboard */ = {
			isa = PBXVariantGroup;
			children = (
				EAAFF9412580FB8A00B1CB52 /* Base */,
			);
			name = Main.storyboard;
			sourceTree = "<group>";
		};
		EAAFF9452580FB8D00B1CB52 /* LaunchScreen.storyboard */ = {
			isa = PBXVariantGroup;
			children = (
				EAAFF9462580FB8D00B1CB52 /* Base */,
			);
			name = LaunchScreen.storyboard;
			sourceTree = "<group>";
		};
/* End PBXVariantGroup section */

/* Begin XCBuildConfiguration section */
		EAAFF9492580FB8D00B1CB52 /* Debug */ = {
			isa = XCBuildConfiguration;
			buildSettings = {
				ALWAYS_SEARCH_USER_PATHS = NO;
				CLANG_ANALYZER_NONNULL = YES;
				CLANG_ANALYZER_NUMBER_OBJECT_CONVERSION = YES_AGGRESSIVE;
				CLANG_CXX_LANGUAGE_STANDARD = "gnu++14";
				CLANG_CXX_LIBRARY = "libc++";
				CLANG_ENABLE_MODULES = YES;
				CLANG_ENABLE_OBJC_ARC = YES;
				CLANG_ENABLE_OBJC_WEAK = YES;
				CLANG_WARN_BLOCK_CAPTURE_AUTORELEASING = YES;
				CLANG_WARN_BOOL_CONVERSION = YES;
				CLANG_WARN_COMMA = YES;
				CLANG_WARN_CONSTANT_CONVERSION = YES;
				CLANG_WARN_DEPRECATED_OBJC_IMPLEMENTATIONS = YES;
				CLANG_WARN_DIRECT_OBJC_ISA_USAGE = YES_ERROR;
				CLANG_WARN_DOCUMENTATION_COMMENTS = YES;
				CLANG_WARN_EMPTY_BODY = YES;
				CLANG_WARN_ENUM_CONVERSION = YES;
				CLANG_WARN_INFINITE_RECURSION = YES;
				CLANG_WARN_INT_CONVERSION = YES;
				CLANG_WARN_NON_LITERAL_NULL_CONVERSION = YES;
				CLANG_WARN_OBJC_IMPLICIT_RETAIN_SELF = YES;
				CLANG_WARN_OBJC_LITERAL_CONVERSION = YES;
				CLANG_WARN_OBJC_ROOT_CLASS = YES_ERROR;
				CLANG_WARN_QUOTED_INCLUDE_IN_FRAMEWORK_HEADER = YES;
				CLANG_WARN_RANGE_LOOP_ANALYSIS = YES;
				CLANG_WARN_STRICT_PROTOTYPES = YES;
				CLANG_WARN_SUSPICIOUS_MOVE = YES;
				CLANG_WARN_UNGUARDED_AVAILABILITY = YES_AGGRESSIVE;
				CLANG_WARN_UNREACHABLE_CODE = YES;
				CLANG_WARN__DUPLICATE_METHOD_MATCH = YES;
				COPY_PHASE_STRIP = NO;
				DEBUG_INFORMATION_FORMAT = dwarf;
				ENABLE_STRICT_OBJC_MSGSEND = YES;
				ENABLE_TESTABILITY = YES;
				GCC_C_LANGUAGE_STANDARD = gnu11;
				GCC_DYNAMIC_NO_PIC = NO;
				GCC_NO_COMMON_BLOCKS = YES;
				GCC_OPTIMIZATION_LEVEL = 0;
				GCC_PREPROCESSOR_DEFINITIONS = (
					"DEBUG=1",
					"$(inherited)",
				);
				GCC_WARN_64_TO_32_BIT_CONVERSION = YES;
				GCC_WARN_ABOUT_RETURN_TYPE = YES_ERROR;
				GCC_WARN_UNDECLARED_SELECTOR = YES;
				GCC_WARN_UNINITIALIZED_AUTOS = YES_AGGRESSIVE;
				GCC_WARN_UNUSED_FUNCTION = YES;
				GCC_WARN_UNUSED_VARIABLE = YES;
				IPHONEOS_DEPLOYMENT_TARGET = 14.2;
				MTL_ENABLE_DEBUG_INFO = INCLUDE_SOURCE;
				MTL_FAST_MATH = YES;
				ONLY_ACTIVE_ARCH = YES;
				SDKROOT = iphoneos;
				SWIFT_ACTIVE_COMPILATION_CONDITIONS = DEBUG;
				SWIFT_OPTIMIZATION_LEVEL = "-Onone";
			};
			name = Debug;
		};
		EAAFF94A2580FB8D00B1CB52 /* Release */ = {
			isa = XCBuildConfiguration;
			buildSettings = {
				ALWAYS_SEARCH_USER_PATHS = NO;
				CLANG_ANALYZER_NONNULL = YES;
				CLANG_ANALYZER_NUMBER_OBJECT_CONVERSION = YES_AGGRESSIVE;
				CLANG_CXX_LANGUAGE_STANDARD = "gnu++14";
				CLANG_CXX_LIBRARY = "libc++";
				CLANG_ENABLE_MODULES = YES;
				CLANG_ENABLE_OBJC_ARC = YES;
				CLANG_ENABLE_OBJC_WEAK = YES;
				CLANG_WARN_BLOCK_CAPTURE_AUTORELEASING = YES;
				CLANG_WARN_BOOL_CONVERSION = YES;
				CLANG_WARN_COMMA = YES;
				CLANG_WARN_CONSTANT_CONVERSION = YES;
				CLANG_WARN_DEPRECATED_OBJC_IMPLEMENTATIONS = YES;
				CLANG_WARN_DIRECT_OBJC_ISA_USAGE = YES_ERROR;
				CLANG_WARN_DOCUMENTATION_COMMENTS = YES;
				CLANG_WARN_EMPTY_BODY = YES;
				CLANG_WARN_ENUM_CONVERSION = YES;
				CLANG_WARN_INFINITE_RECURSION = YES;
				CLANG_WARN_INT_CONVERSION = YES;
				CLANG_WARN_NON_LITERAL_NULL_CONVERSION = YES;
				CLANG_WARN_OBJC_IMPLICIT_RETAIN_SELF = YES;
				CLANG_WARN_OBJC_LITERAL_CONVERSION = YES;
				CLANG_WARN_OBJC_ROOT_CLASS = YES_ERROR;
				CLANG_WARN_QUOTED_INCLUDE_IN_FRAMEWORK_HEADER = YES;
				CLANG_WARN_RANGE_LOOP_ANALYSIS = YES;
				CLANG_WARN_STRICT_PROTOTYPES = YES;
				CLANG_WARN_SUSPICIOUS_MOVE = YES;
				CLANG_WARN_UNGUARDED_AVAILABILITY = YES_AGGRESSIVE;
				CLANG_WARN_UNREACHABLE_CODE = YES;
				CLANG_WARN__DUPLICATE_METHOD_MATCH = YES;
				COPY_PHASE_STRIP = NO;
				DEBUG_INFORMATION_FORMAT = "dwarf-with-dsym";
				ENABLE_NS_ASSERTIONS = NO;
				ENABLE_STRICT_OBJC_MSGSEND = YES;
				GCC_C_LANGUAGE_STANDARD = gnu11;
				GCC_NO_COMMON_BLOCKS = YES;
				GCC_WARN_64_TO_32_BIT_CONVERSION = YES;
				GCC_WARN_ABOUT_RETURN_TYPE = YES_ERROR;
				GCC_WARN_UNDECLARED_SELECTOR = YES;
				GCC_WARN_UNINITIALIZED_AUTOS = YES_AGGRESSIVE;
				GCC_WARN_UNUSED_FUNCTION = YES;
				GCC_WARN_UNUSED_VARIABLE = YES;
				IPHONEOS_DEPLOYMENT_TARGET = 14.2;
				MTL_ENABLE_DEBUG_INFO = NO;
				MTL_FAST_MATH = YES;
				SDKROOT = iphoneos;
				SWIFT_COMPILATION_MODE = wholemodule;
				SWIFT_OPTIMIZATION_LEVEL = "-O";
				VALIDATE_PRODUCT = YES;
			};
			name = Release;
		};
		EAAFF94C2580FB8D00B1CB52 /* Debug */ = {
			isa = XCBuildConfiguration;
			baseConfigurationReference = 7AD315B892F48216FB6ADA98 /* Pods-FilterBranch.debug.xcconfig */;
			buildSettings = {
				ASSETCATALOG_COMPILER_APPICON_NAME = AppIcon;
				ASSETCATALOG_COMPILER_GLOBAL_ACCENT_COLOR_NAME = AccentColor;
				CODE_SIGN_STYLE = Automatic;
				INFOPLIST_FILE = FilterBranch/Info.plist;
				LD_RUNPATH_SEARCH_PATHS = (
					"$(inherited)",
					"@executable_path/Frameworks",
				);
				PRODUCT_BUNDLE_IDENTIFIER = com.ms.panmodal.FilterBranch;
				PRODUCT_NAME = "$(TARGET_NAME)";
				SWIFT_VERSION = 5.0;
				TARGETED_DEVICE_FAMILY = "1,2";
			};
			name = Debug;
		};
		EAAFF94D2580FB8D00B1CB52 /* Release */ = {
			isa = XCBuildConfiguration;
			baseConfigurationReference = 43F9487FB011D02BEBAB9505 /* Pods-FilterBranch.release.xcconfig */;
			buildSettings = {
				ASSETCATALOG_COMPILER_APPICON_NAME = AppIcon;
				ASSETCATALOG_COMPILER_GLOBAL_ACCENT_COLOR_NAME = AccentColor;
				CODE_SIGN_STYLE = Automatic;
				INFOPLIST_FILE = FilterBranch/Info.plist;
				LD_RUNPATH_SEARCH_PATHS = (
					"$(inherited)",
					"@executable_path/Frameworks",
				);
				PRODUCT_BUNDLE_IDENTIFIER = com.ms.panmodal.FilterBranch;
				PRODUCT_NAME = "$(TARGET_NAME)";
				SWIFT_VERSION = 5.0;
				TARGETED_DEVICE_FAMILY = "1,2";
			};
			name = Release;
		};
/* End XCBuildConfiguration section */

/* Begin XCConfigurationList section */
		EAAFF9322580FB8A00B1CB52 /* Build configuration list for PBXProject "FilterBranch" */ = {
			isa = XCConfigurationList;
			buildConfigurations = (
				EAAFF9492580FB8D00B1CB52 /* Debug */,
				EAAFF94A2580FB8D00B1CB52 /* Release */,
			);
			defaultConfigurationIsVisible = 0;
			defaultConfigurationName = Release;
		};
		EAAFF94B2580FB8D00B1CB52 /* Build configuration list for PBXNativeTarget "FilterBranch" */ = {
			isa = XCConfigurationList;
			buildConfigurations = (
				EAAFF94C2580FB8D00B1CB52 /* Debug */,
				EAAFF94D2580FB8D00B1CB52 /* Release */,
			);
			defaultConfigurationIsVisible = 0;
			defaultConfigurationName = Release;
		};
/* End XCConfigurationList section */
	};
	rootObject = EAAFF92F2580FB8A00B1CB52 /* Project object */;
}
